// !$*UTF8*$!
{
	archiveVersion = 1;
	classes = {
	};
	objectVersion = 45;
	objects = {

/* Begin PBXBuildFile section */
		1D3623260D0F684500981E51 /* EasyTableViewAppDelegate.m in Sources */ = {isa = PBXBuildFile; fileRef = 1D3623250D0F684500981E51 /* EasyTableViewAppDelegate.m */; };
		1D60589B0D05DD56006BFB54 /* main.m in Sources */ = {isa = PBXBuildFile; fileRef = 29B97316FDCFA39411CA2CEA /* main.m */; };
		1D60589F0D05DD5A006BFB54 /* Foundation.framework in Frameworks */ = {isa = PBXBuildFile; fileRef = 1D30AB110D05D00D00671497 /* Foundation.framework */; };
		1DF5F4E00D08C38300B7A737 /* UIKit.framework in Frameworks */ = {isa = PBXBuildFile; fileRef = 1DF5F4DF0D08C38300B7A737 /* UIKit.framework */; };
		2892E4100DC94CBA00A64D0F /* CoreGraphics.framework in Frameworks */ = {isa = PBXBuildFile; fileRef = 2892E40F0DC94CBA00A64D0F /* CoreGraphics.framework */; };
		3A3FE52210B9F4520077716B /* ATPRanking.plist in Resources */ = {isa = PBXBuildFile; fileRef = 3A3FE51A10B9F4520077716B /* ATPRanking.plist */; };
		3A3FE52310B9F4520077716B /* Books.plist in Resources */ = {isa = PBXBuildFile; fileRef = 3A3FE51B10B9F4520077716B /* Books.plist */; };
		3A3FE52410B9F4520077716B /* Capitals.plist in Resources */ = {isa = PBXBuildFile; fileRef = 3A3FE51C10B9F4520077716B /* Capitals.plist */; };
		3A3FE52510B9F4520077716B /* Menu.plist in Resources */ = {isa = PBXBuildFile; fileRef = 3A3FE51D10B9F4520077716B /* Menu.plist */; };
		3A3FE52610B9F4520077716B /* Sequence.plist in Resources */ = {isa = PBXBuildFile; fileRef = 3A3FE51E10B9F4520077716B /* Sequence.plist */; };
		3A3FE52710B9F4520077716B /* TVSeries.plist in Resources */ = {isa = PBXBuildFile; fileRef = 3A3FE51F10B9F4520077716B /* TVSeries.plist */; };
		3A3FE52810B9F4520077716B /* MainWindow.xib in Resources */ = {isa = PBXBuildFile; fileRef = 3A3FE52110B9F4520077716B /* MainWindow.xib */; };
		3A511AC110B9DC470095418E /* AKOEasyNavigationController.m in Sources */ = {isa = PBXBuildFile; fileRef = 3A511AC010B9DC470095418E /* AKOEasyNavigationController.m */; };
		3A6A291110B9BEF0000BF343 /* AKOEasyTableViewController.m in Sources */ = {isa = PBXBuildFile; fileRef = 3A6A291010B9BEF0000BF343 /* AKOEasyTableViewController.m */; };
/* End PBXBuildFile section */

/* Begin PBXFileReference section */
		1D30AB110D05D00D00671497 /* Foundation.framework */ = {isa = PBXFileReference; lastKnownFileType = wrapper.framework; name = Foundation.framework; path = System/Library/Frameworks/Foundation.framework; sourceTree = SDKROOT; };
		1D3623240D0F684500981E51 /* EasyTableViewAppDelegate.h */ = {isa = PBXFileReference; fileEncoding = 4; lastKnownFileType = sourcecode.c.h; path = EasyTableViewAppDelegate.h; sourceTree = "<group>"; };
		1D3623250D0F684500981E51 /* EasyTableViewAppDelegate.m */ = {isa = PBXFileReference; fileEncoding = 4; lastKnownFileType = sourcecode.c.objc; path = EasyTableViewAppDelegate.m; sourceTree = "<group>"; };
		1D6058910D05DD3D006BFB54 /* EasyTableView.app */ = {isa = PBXFileReference; explicitFileType = wrapper.application; includeInIndex = 0; path = EasyTableView.app; sourceTree = BUILT_PRODUCTS_DIR; };
		1DF5F4DF0D08C38300B7A737 /* UIKit.framework */ = {isa = PBXFileReference; lastKnownFileType = wrapper.framework; name = UIKit.framework; path = System/Library/Frameworks/UIKit.framework; sourceTree = SDKROOT; };
		2892E40F0DC94CBA00A64D0F /* CoreGraphics.framework */ = {isa = PBXFileReference; lastKnownFileType = wrapper.framework; name = CoreGraphics.framework; path = System/Library/Frameworks/CoreGraphics.framework; sourceTree = SDKROOT; };
		28A0AAE50D9B0CCF005BE974 /* EasyTableView_Prefix.pch */ = {isa = PBXFileReference; fileEncoding = 4; lastKnownFileType = sourcecode.c.h; path = EasyTableView_Prefix.pch; sourceTree = "<group>"; };
		29B97316FDCFA39411CA2CEA /* main.m */ = {isa = PBXFileReference; fileEncoding = 4; lastKnownFileType = sourcecode.c.objc; path = main.m; sourceTree = "<group>"; };
		3A321E9211035DE600460C76 /* LICENSE */ = {isa = PBXFileReference; fileEncoding = 4; lastKnownFileType = text; path = LICENSE; sourceTree = "<group>"; };
		3A321E9311035DE600460C76 /* README.textile */ = {isa = PBXFileReference; fileEncoding = 4; lastKnownFileType = text; path = README.textile; sourceTree = "<group>"; };
		3A3FE51A10B9F4520077716B /* ATPRanking.plist */ = {isa = PBXFileReference; fileEncoding = 4; lastKnownFileType = text.plist.xml; path = ATPRanking.plist; sourceTree = "<group>"; };
		3A3FE51B10B9F4520077716B /* Books.plist */ = {isa = PBXFileReference; fileEncoding = 4; lastKnownFileType = text.plist.xml; path = Books.plist; sourceTree = "<group>"; };
		3A3FE51C10B9F4520077716B /* Capitals.plist */ = {isa = PBXFileReference; fileEncoding = 4; lastKnownFileType = text.plist.xml; path = Capitals.plist; sourceTree = "<group>"; };
		3A3FE51D10B9F4520077716B /* Menu.plist */ = {isa = PBXFileReference; fileEncoding = 4; lastKnownFileType = text.plist.xml; path = Menu.plist; sourceTree = "<group>"; };
		3A3FE51E10B9F4520077716B /* Sequence.plist */ = {isa = PBXFileReference; fileEncoding = 4; lastKnownFileType = text.plist.xml; path = Sequence.plist; sourceTree = "<group>"; };
		3A3FE51F10B9F4520077716B /* TVSeries.plist */ = {isa = PBXFileReference; fileEncoding = 4; lastKnownFileType = text.plist.xml; path = TVSeries.plist; sourceTree = "<group>"; };
		3A3FE52110B9F4520077716B /* MainWindow.xib */ = {isa = PBXFileReference; lastKnownFileType = file.xib; path = MainWindow.xib; sourceTree = "<group>"; };
		3A51199A10B9C8400095418E /* AKOEasyTableViewControllerDelegate.h */ = {isa = PBXFileReference; fileEncoding = 4; lastKnownFileType = sourcecode.c.h; path = AKOEasyTableViewControllerDelegate.h; sourceTree = "<group>"; };
		3A511ABF10B9DC470095418E /* AKOEasyNavigationController.h */ = {isa = PBXFileReference; fileEncoding = 4; lastKnownFileType = sourcecode.c.h; path = AKOEasyNavigationController.h; sourceTree = "<group>"; };
		3A511AC010B9DC470095418E /* AKOEasyNavigationController.m */ = {isa = PBXFileReference; fileEncoding = 4; lastKnownFileType = sourcecode.c.objc; path = AKOEasyNavigationController.m; sourceTree = "<group>"; };
		3A6A290F10B9BEF0000BF343 /* AKOEasyTableViewController.h */ = {isa = PBXFileReference; fileEncoding = 4; lastKnownFileType = sourcecode.c.h; path = AKOEasyTableViewController.h; sourceTree = "<group>"; };
		3A6A291010B9BEF0000BF343 /* AKOEasyTableViewController.m */ = {isa = PBXFileReference; fileEncoding = 4; lastKnownFileType = sourcecode.c.objc; path = AKOEasyTableViewController.m; sourceTree = "<group>"; };
		8D1107310486CEB800E47090 /* EasyTableView-Info.plist */ = {isa = PBXFileReference; fileEncoding = 4; lastKnownFileType = text.plist.xml; name = "EasyTableView-Info.plist"; path = "../EasyTableView-Info.plist"; plistStructureDefinitionIdentifier = "com.apple.xcode.plist.structure-definition.iphone.info-plist"; sourceTree = "<group>"; };
/* End PBXFileReference section */

/* Begin PBXFrameworksBuildPhase section */
		1D60588F0D05DD3D006BFB54 /* Frameworks */ = {
			isa = PBXFrameworksBuildPhase;
			buildActionMask = 2147483647;
			files = (
				1D60589F0D05DD5A006BFB54 /* Foundation.framework in Frameworks */,
				1DF5F4E00D08C38300B7A737 /* UIKit.framework in Frameworks */,
				2892E4100DC94CBA00A64D0F /* CoreGraphics.framework in Frameworks */,
			);
			runOnlyForDeploymentPostprocessing = 0;
		};
/* End PBXFrameworksBuildPhase section */

/* Begin PBXGroup section */
		080E96DDFE201D6D7F000001 /* Classes */ = {
			isa = PBXGroup;
			children = (
				1D3623240D0F684500981E51 /* EasyTableViewAppDelegate.h */,
				1D3623250D0F684500981E51 /* EasyTableViewAppDelegate.m */,
				3A511ABF10B9DC470095418E /* AKOEasyNavigationController.h */,
				3A511AC010B9DC470095418E /* AKOEasyNavigationController.m */,
				3A6A290F10B9BEF0000BF343 /* AKOEasyTableViewController.h */,
				3A6A291010B9BEF0000BF343 /* AKOEasyTableViewController.m */,
				3A51199A10B9C8400095418E /* AKOEasyTableViewControllerDelegate.h */,
			);
			path = Classes;
			sourceTree = "<group>";
		};
		19C28FACFE9D520D11CA2CBB /* Products */ = {
			isa = PBXGroup;
			children = (
				1D6058910D05DD3D006BFB54 /* EasyTableView.app */,
			);
			name = Products;
			sourceTree = "<group>";
		};
		29B97314FDCFA39411CA2CEA /* CustomTemplate */ = {
			isa = PBXGroup;
			children = (
				3A321E9211035DE600460C76 /* LICENSE */,
				3A321E9311035DE600460C76 /* README.textile */,
				080E96DDFE201D6D7F000001 /* Classes */,
				29B97315FDCFA39411CA2CEA /* Other Sources */,
				3A3FE51810B9F4520077716B /* Resources */,
				29B97323FDCFA39411CA2CEA /* Frameworks */,
				19C28FACFE9D520D11CA2CBB /* Products */,
			);
			name = CustomTemplate;
			sourceTree = "<group>";
		};
		29B97315FDCFA39411CA2CEA /* Other Sources */ = {
			isa = PBXGroup;
			children = (
				28A0AAE50D9B0CCF005BE974 /* EasyTableView_Prefix.pch */,
				29B97316FDCFA39411CA2CEA /* main.m */,
			);
			name = "Other Sources";
			sourceTree = "<group>";
		};
		29B97323FDCFA39411CA2CEA /* Frameworks */ = {
			isa = PBXGroup;
			children = (
				1DF5F4DF0D08C38300B7A737 /* UIKit.framework */,
				1D30AB110D05D00D00671497 /* Foundation.framework */,
				2892E40F0DC94CBA00A64D0F /* CoreGraphics.framework */,
			);
			name = Frameworks;
			sourceTree = "<group>";
		};
		3A3FE51810B9F4520077716B /* Resources */ = {
			isa = PBXGroup;
			children = (
				8D1107310486CEB800E47090 /* EasyTableView-Info.plist */,
				3A3FE51910B9F4520077716B /* Data */,
				3A3FE52010B9F4520077716B /* NIBs */,
			);
			path = Resources;
			sourceTree = "<group>";
		};
		3A3FE51910B9F4520077716B /* Data */ = {
			isa = PBXGroup;
			children = (
				3A3FE51A10B9F4520077716B /* ATPRanking.plist */,
				3A3FE51B10B9F4520077716B /* Books.plist */,
				3A3FE51C10B9F4520077716B /* Capitals.plist */,
				3A3FE51D10B9F4520077716B /* Menu.plist */,
				3A3FE51E10B9F4520077716B /* Sequence.plist */,
				3A3FE51F10B9F4520077716B /* TVSeries.plist */,
			);
			path = Data;
			sourceTree = "<group>";
		};
		3A3FE52010B9F4520077716B /* NIBs */ = {
			isa = PBXGroup;
			children = (
				3A3FE52110B9F4520077716B /* MainWindow.xib */,
			);
			path = NIBs;
			sourceTree = "<group>";
		};
/* End PBXGroup section */

/* Begin PBXNativeTarget section */
		1D6058900D05DD3D006BFB54 /* EasyTableView */ = {
			isa = PBXNativeTarget;
			buildConfigurationList = 1D6058960D05DD3E006BFB54 /* Build configuration list for PBXNativeTarget "EasyTableView" */;
			buildPhases = (
				1D60588D0D05DD3D006BFB54 /* Resources */,
				1D60588E0D05DD3D006BFB54 /* Sources */,
				1D60588F0D05DD3D006BFB54 /* Frameworks */,
			);
			buildRules = (
			);
			dependencies = (
			);
			name = EasyTableView;
			productName = EasyTableView;
			productReference = 1D6058910D05DD3D006BFB54 /* EasyTableView.app */;
			productType = "com.apple.product-type.application";
		};
/* End PBXNativeTarget section */

/* Begin PBXProject section */
		29B97313FDCFA39411CA2CEA /* Project object */ = {
			isa = PBXProject;
			buildConfigurationList = C01FCF4E08A954540054247B /* Build configuration list for PBXProject "EasyTableView" */;
			compatibilityVersion = "Xcode 3.1";
			hasScannedForEncodings = 1;
			knownRegions = (
				English,
				Japanese,
				French,
				German,
				en,
			);
			mainGroup = 29B97314FDCFA39411CA2CEA /* CustomTemplate */;
			projectDirPath = "";
			projectRoot = "";
			targets = (
				1D6058900D05DD3D006BFB54 /* EasyTableView */,
			);
		};
/* End PBXProject section */

/* Begin PBXResourcesBuildPhase section */
		1D60588D0D05DD3D006BFB54 /* Resources */ = {
			isa = PBXResourcesBuildPhase;
			buildActionMask = 2147483647;
			files = (
				3A3FE52210B9F4520077716B /* ATPRanking.plist in Resources */,
				3A3FE52310B9F4520077716B /* Books.plist in Resources */,
				3A3FE52410B9F4520077716B /* Capitals.plist in Resources */,
				3A3FE52510B9F4520077716B /* Menu.plist in Resources */,
				3A3FE52610B9F4520077716B /* Sequence.plist in Resources */,
				3A3FE52710B9F4520077716B /* TVSeries.plist in Resources */,
				3A3FE52810B9F4520077716B /* MainWindow.xib in Resources */,
			);
			runOnlyForDeploymentPostprocessing = 0;
		};
/* End PBXResourcesBuildPhase section */

/* Begin PBXSourcesBuildPhase section */
		1D60588E0D05DD3D006BFB54 /* Sources */ = {
			isa = PBXSourcesBuildPhase;
			buildActionMask = 2147483647;
			files = (
				1D60589B0D05DD56006BFB54 /* main.m in Sources */,
				1D3623260D0F684500981E51 /* EasyTableViewAppDelegate.m in Sources */,
				3A6A291110B9BEF0000BF343 /* AKOEasyTableViewController.m in Sources */,
				3A511AC110B9DC470095418E /* AKOEasyNavigationController.m in Sources */,
			);
			runOnlyForDeploymentPostprocessing = 0;
		};
/* End PBXSourcesBuildPhase section */

/* Begin XCBuildConfiguration section */
		1D6058940D05DD3E006BFB54 /* Debug */ = {
			isa = XCBuildConfiguration;
			buildSettings = {
				ALWAYS_SEARCH_USER_PATHS = NO;
				COPY_PHASE_STRIP = NO;
				GCC_DYNAMIC_NO_PIC = NO;
				GCC_OPTIMIZATION_LEVEL = 0;
				GCC_PRECOMPILE_PREFIX_HEADER = YES;
				GCC_PREFIX_HEADER = EasyTableView_Prefix.pch;
				GCC_TREAT_WARNINGS_AS_ERRORS = YES;
				INFOPLIST_FILE = "EasyTableView-Info.plist";
				PRODUCT_NAME = EasyTableView;
			};
			name = Debug;
		};
		1D6058950D05DD3E006BFB54 /* Release */ = {
			isa = XCBuildConfiguration;
			buildSettings = {
				ALWAYS_SEARCH_USER_PATHS = NO;
				COPY_PHASE_STRIP = YES;
				GCC_PRECOMPILE_PREFIX_HEADER = YES;
				GCC_PREFIX_HEADER = EasyTableView_Prefix.pch;
				GCC_TREAT_WARNINGS_AS_ERRORS = YES;
				INFOPLIST_FILE = "EasyTableView-Info.plist";
				PRODUCT_NAME = EasyTableView;
			};
			name = Release;
		};
		C01FCF4F08A954540054247B /* Debug */ = {
			isa = XCBuildConfiguration;
			buildSettings = {
				ARCHS = "$(ARCHS_STANDARD_32_BIT)";
				"CODE_SIGN_IDENTITY[sdk=iphoneos*]" = "iPhone Developer";
				GCC_C_LANGUAGE_STANDARD = c99;
				GCC_WARN_ABOUT_RETURN_TYPE = YES;
				GCC_WARN_UNUSED_VARIABLE = YES;
				PREBINDING = NO;
				SDKROOT = iphoneos3.1.2;
			};
			name = Debug;
		};
		C01FCF5008A954540054247B /* Release */ = {
			isa = XCBuildConfiguration;
			buildSettings = {
				ARCHS = "$(ARCHS_STANDARD_32_BIT)";
				"CODE_SIGN_IDENTITY[sdk=iphoneos*]" = "iPhone Developer";
				GCC_C_LANGUAGE_STANDARD = c99;
				GCC_WARN_ABOUT_RETURN_TYPE = YES;
				GCC_WARN_UNUSED_VARIABLE = YES;
				PREBINDING = NO;
				SDKROOT = iphoneos3.1.2;
			};
			name = Release;
		};
/* End XCBuildConfiguration section */

/* Begin XCConfigurationList section */
		1D6058960D05DD3E006BFB54 /* Build configuration list for PBXNativeTarget "EasyTableView" */ = {
			isa = XCConfigurationList;
			buildConfigurations = (
				1D6058940D05DD3E006BFB54 /* Debug */,
				1D6058950D05DD3E006BFB54 /* Release */,
			);
			defaultConfigurationIsVisible = 0;
			defaultConfigurationName = Release;
		};
		C01FCF4E08A954540054247B /* Build configuration list for PBXProject "EasyTableView" */ = {
			isa = XCConfigurationList;
			buildConfigurations = (
				C01FCF4F08A954540054247B /* Debug */,
				C01FCF5008A954540054247B /* Release */,
			);
			defaultConfigurationIsVisible = 0;
			defaultConfigurationName = Release;
		};
/* End XCConfigurationList section */
	};
	rootObject = 29B97313FDCFA39411CA2CEA /* Project object */;
}
